
Microsoft Visual Studio Solution File, Format Version 12.00
# Visual Studio Version 16
VisualStudioVersion = 16.0.31911.196
MinimumVisualStudioVersion = 10.0.40219.1
Project("{9A19103F-16F7-4668-BE54-9A1E7A4F7556}") = "UserAPI", "UserAPI\UserAPI.csproj", "{FC2E7A18-E254-44AD-A725-A64F681B37C4}"
EndProject
Project("{9A19103F-16F7-4668-BE54-9A1E7A4F7556}") = "UserAPI.Models", "UserAPI.Models\UserAPI.Models.csproj", "{874BE22A-EB38-4F50-981A-D699F51E3F14}"
EndProject
Global
	GlobalSection(SolutionConfigurationPlatforms) = preSolution
		Debug|Any CPU = Debug|Any CPU
		Release|Any CPU = Release|Any CPU
	EndGlobalSection
	GlobalSection(ProjectConfigurationPlatforms) = postSolution
		{FC2E7A18-E254-44AD-A725-A64F681B37C4}.Debug|Any CPU.ActiveCfg = Debug|Any CPU
		{FC2E7A18-E254-44AD-A725-A64F681B37C4}.Debug|Any CPU.Build.0 = Debug|Any CPU
		{FC2E7A18-E254-44AD-A725-A64F681B37C4}.Release|Any CPU.ActiveCfg = Release|Any CPU
		{FC2E7A18-E254-44AD-A725-A64F681B37C4}.Release|Any CPU.Build.0 = Release|Any CPU
		{874BE22A-EB38-4F50-981A-D699F51E3F14}.Debug|Any CPU.ActiveCfg = Debug|Any CPU
		{874BE22A-EB38-4F50-981A-D699F51E3F14}.Debug|Any CPU.Build.0 = Debug|Any CPU
		{874BE22A-EB38-4F50-981A-D699F51E3F14}.Release|Any CPU.ActiveCfg = Release|Any CPU
		{874BE22A-EB38-4F50-981A-D699F51E3F14}.Release|Any CPU.Build.0 = Release|Any CPU
	EndGlobalSection
	GlobalSection(SolutionProperties) = preSolution
		HideSolutionNode = FALSE
	EndGlobalSection
	GlobalSection(ExtensibilityGlobals) = postSolution
		SolutionGuid = {2193A262-C778-456B-A14F-8874AEEBEB65}
	EndGlobalSection
EndGlobal
